
Microsoft Visual Studio Solution File, Format Version 12.00
# Visual Studio Version 16
VisualStudioVersion = 16.0.30907.101
MinimumVisualStudioVersion = 10.0.40219.1
Project("{FAE04EC0-301F-11D3-BF4B-00C04F79EFBC}") = "Assignment2_Sprint2021_final", "Assignment2_Sprint2021_final.csproj", "{103E9A9B-3EA0-4D88-8EDF-FB733060451F}"
EndProject
Global
	GlobalSection(SolutionConfigurationPlatforms) = preSolution
		Debug|Any CPU = Debug|Any CPU
		Release|Any CPU = Release|Any CPU
	EndGlobalSection
	GlobalSection(ProjectConfigurationPlatforms) = postSolution
		{103E9A9B-3EA0-4D88-8EDF-FB733060451F}.Debug|Any CPU.ActiveCfg = Debug|Any CPU
		{103E9A9B-3EA0-4D88-8EDF-FB733060451F}.Debug|Any CPU.Build.0 = Debug|Any CPU
		{103E9A9B-3EA0-4D88-8EDF-FB733060451F}.Release|Any CPU.ActiveCfg = Release|Any CPU
		{103E9A9B-3EA0-4D88-8EDF-FB733060451F}.Release|Any CPU.Build.0 = Release|Any CPU
	EndGlobalSection
	GlobalSection(SolutionProperties) = preSolution
		HideSolutionNode = FALSE
	EndGlobalSection
	GlobalSection(ExtensibilityGlobals) = postSolution
		SolutionGuid = {DA402957-4A32-4AA1-97F2-BD6AEF671680}
	EndGlobalSection
EndGlobal
